
Microsoft Visual Studio Solution File, Format Version 11.00
# Visual Studio 2010
Project("{FAE04EC0-301F-11D3-BF4B-00C04F79EFBC}") = "CapMyTask", "CapMyTask\CapMyTask.csproj", "{13B696B0-31DA-4A7E-ABFC-FE3D26CE696D}"
EndProject
Project("{FAE04EC0-301F-11D3-BF4B-00C04F79EFBC}") = "SystemTrayApp", "..\..\K2 Solution\SystemTrayApp\SystemTrayApp\SystemTrayApp.csproj", "{F317AF2E-9704-4A2A-BDAE-B4662ED9483B}"
EndProject
Project("{FAE04EC0-301F-11D3-BF4B-00C04F79EFBC}") = "TeboScreen", "..\..\K2 Solution\screencapture\Teboscreen_source_code\TeboScreen\TeboScreen.csproj", "{2D2F6F45-88FE-4CAA-B94B-DDF89F9F423D}"
EndProject
Global
	GlobalSection(SolutionConfigurationPlatforms) = preSolution
		Debug|Any CPU = Debug|Any CPU
		Debug|Mixed Platforms = Debug|Mixed Platforms
		Debug|x86 = Debug|x86
		Release|Any CPU = Release|Any CPU
		Release|Mixed Platforms = Release|Mixed Platforms
		Release|x86 = Release|x86
	EndGlobalSection
	GlobalSection(ProjectConfigurationPlatforms) = postSolution
		{13B696B0-31DA-4A7E-ABFC-FE3D26CE696D}.Debug|Any CPU.ActiveCfg = Debug|x86
		{13B696B0-31DA-4A7E-ABFC-FE3D26CE696D}.Debug|Mixed Platforms.ActiveCfg = Debug|x86
		{13B696B0-31DA-4A7E-ABFC-FE3D26CE696D}.Debug|Mixed Platforms.Build.0 = Debug|x86
		{13B696B0-31DA-4A7E-ABFC-FE3D26CE696D}.Debug|x86.ActiveCfg = Debug|x86
		{13B696B0-31DA-4A7E-ABFC-FE3D26CE696D}.Debug|x86.Build.0 = Debug|x86
		{13B696B0-31DA-4A7E-ABFC-FE3D26CE696D}.Release|Any CPU.ActiveCfg = Release|x86
		{13B696B0-31DA-4A7E-ABFC-FE3D26CE696D}.Release|Mixed Platforms.ActiveCfg = Release|x86
		{13B696B0-31DA-4A7E-ABFC-FE3D26CE696D}.Release|Mixed Platforms.Build.0 = Release|x86
		{13B696B0-31DA-4A7E-ABFC-FE3D26CE696D}.Release|x86.ActiveCfg = Release|x86
		{13B696B0-31DA-4A7E-ABFC-FE3D26CE696D}.Release|x86.Build.0 = Release|x86
		{F317AF2E-9704-4A2A-BDAE-B4662ED9483B}.Debug|Any CPU.ActiveCfg = Debug|x86
		{F317AF2E-9704-4A2A-BDAE-B4662ED9483B}.Debug|Mixed Platforms.ActiveCfg = Debug|x86
		{F317AF2E-9704-4A2A-BDAE-B4662ED9483B}.Debug|Mixed Platforms.Build.0 = Debug|x86
		{F317AF2E-9704-4A2A-BDAE-B4662ED9483B}.Debug|x86.ActiveCfg = Debug|x86
		{F317AF2E-9704-4A2A-BDAE-B4662ED9483B}.Debug|x86.Build.0 = Debug|x86
		{F317AF2E-9704-4A2A-BDAE-B4662ED9483B}.Release|Any CPU.ActiveCfg = Release|x86
		{F317AF2E-9704-4A2A-BDAE-B4662ED9483B}.Release|Mixed Platforms.ActiveCfg = Release|x86
		{F317AF2E-9704-4A2A-BDAE-B4662ED9483B}.Release|Mixed Platforms.Build.0 = Release|x86
		{F317AF2E-9704-4A2A-BDAE-B4662ED9483B}.Release|x86.ActiveCfg = Release|x86
		{F317AF2E-9704-4A2A-BDAE-B4662ED9483B}.Release|x86.Build.0 = Release|x86
		{2D2F6F45-88FE-4CAA-B94B-DDF89F9F423D}.Debug|Any CPU.ActiveCfg = Debug|Any CPU
		{2D2F6F45-88FE-4CAA-B94B-DDF89F9F423D}.Debug|Any CPU.Build.0 = Debug|Any CPU
		{2D2F6F45-88FE-4CAA-B94B-DDF89F9F423D}.Debug|Mixed Platforms.ActiveCfg = Debug|Any CPU
		{2D2F6F45-88FE-4CAA-B94B-DDF89F9F423D}.Debug|Mixed Platforms.Build.0 = Debug|Any CPU
		{2D2F6F45-88FE-4CAA-B94B-DDF89F9F423D}.Debug|x86.ActiveCfg = Debug|Any CPU
		{2D2F6F45-88FE-4CAA-B94B-DDF89F9F423D}.Release|Any CPU.ActiveCfg = Release|Any CPU
		{2D2F6F45-88FE-4CAA-B94B-DDF89F9F423D}.Release|Any CPU.Build.0 = Release|Any CPU
		{2D2F6F45-88FE-4CAA-B94B-DDF89F9F423D}.Release|Mixed Platforms.ActiveCfg = Release|Any CPU
		{2D2F6F45-88FE-4CAA-B94B-DDF89F9F423D}.Release|Mixed Platforms.Build.0 = Release|Any CPU
		{2D2F6F45-88FE-4CAA-B94B-DDF89F9F423D}.Release|x86.ActiveCfg = Release|Any CPU
	EndGlobalSection
	GlobalSection(SolutionProperties) = preSolution
		HideSolutionNode = FALSE
	EndGlobalSection
EndGlobal
